PATH
  remote: .
  specs:
    huginn_live_tennis_agent (0.1.0)
      huginn_agent

GEM
  remote: https://rubygems.org/
  specs:
    addressable (2.9.0)
      public_suffix (>= 2.0.2, < 8.0)
    bigdecimal (3.1.5)
    crack (1.0.1)
      bigdecimal
      rexml
    diff-lcs (1.6.2)
    hashdiff (1.2.1)
    huginn_agent (0.6.4)
      thor
    public_suffix (7.0.5)
    rake (13.4.2)
    rexml (3.4.4)
    rspec (3.13.2)
      rspec-core (~> 3.13.0)
      rspec-expectations (~> 3.13.0)
      rspec-mocks (~> 3.13.0)
    rspec-core (3.13.6)
      rspec-support (~> 3.13.0)
    rspec-expectations (3.13.5)
      diff-lcs (>= 1.2.0, < 2.0)
      rspec-support (~> 3.13.0)
    rspec-mocks (3.13.8)
      diff-lcs (>= 1.2.0, < 2.0)
      rspec-support (~> 3.13.0)
    rspec-support (3.13.7)
    thor (1.5.0)
    webmock (3.26.2)
      addressable (>= 2.8.0)
      crack (>= 0.3.2)
      hashdiff (>= 0.4.0, < 2.0.0)

PLATFORMS
  ruby
  x86_64-linux-gnu

DEPENDENCIES
  huginn_live_tennis_agent!
  rake (~> 13.0)
  rspec (~> 3.12)
  webmock (~> 3.19)

CHECKSUMS
  addressable (2.9.0)
  bigdecimal (3.1.5)
  bundler (4.0.18) sha256=02d9a17429de1847b4e0c9f27a9ee4b20c0a74c0a641b4e77195d6019e3618ac
  crack (1.0.1)
  diff-lcs (1.6.2)
  hashdiff (1.2.1)
  huginn_agent (0.6.4)
  huginn_live_tennis_agent (0.1.0)
  public_suffix (7.0.5)
  rake (13.4.2)
  rexml (3.4.4)
  rspec (3.13.2)
  rspec-core (3.13.6)
  rspec-expectations (3.13.5)
  rspec-mocks (3.13.8)
  rspec-support (3.13.7)
  thor (1.5.0)
  webmock (3.26.2)

BUNDLED WITH
  4.0.18
